github.com/awee-ai/go-code-reader v0.0.0-20260524044948-840fa9cbac26 h1:Rn8bHDnLFKMmeGmPpdJWFyD1TN9RcSnLxQsyBrT6TEU=
github.com/awee-ai/go-code-reader v0.0.0-20260524044948-840fa9cbac26/go.mod h1:VyUwQ27lgkbdawC/8fUHzOHf6X5yYetq2fYQWbu1dRk=
github.com/davecgh/go-spew v1.1.2-0.20180830191138-d8f796af33cc h1:U9qPSI2PIWSS1VwoXQT9A3Wy9MM3WgvqSxFWenqJduM=
github.com/davecgh/go-spew v1.1.2-0.20180830191138-d8f796af33cc/go.mod h1:J7Y8YcW2NihsgmVo/mv3lAwl/skON4iLHjSsI+c5H38=
github.com/google/go-cmp v0.7.0 h1:wk8382ETsv4JYUZwIsn6YpYiWiBsYLSJiTsyBybVuN8=
github.com/google/go-cmp v0.7.0/go.mod h1:pXiqmnSA92OHEEa9HXL2W4E7lf9JzCmGVUdgjX3N/iU=
github.com/kr/pretty v0.3.1 h1:flRD4NNwYAUpkphVc1HcthR4KEIFJ65n8Mw5qdRn3LE=
github.com/kr/pretty v0.3.1/go.mod h1:hoEshYVHaxMs3cyo3Yncou5ZscifuDolrwPKZanG3xk=
github.com/kr/text v0.2.0 h1:5Nx0Ya0ZqY2ygV366QzturHI13Jq95ApcVaJBhpS+AY=
github.com/kr/text v0.2.0/go.mod h1:eLer722TekiGuMkidMxC/pM04lWEeraHUUmBw8l2grE=
github.com/pmezard/go-difflib v1.0.1-0.20181226105442-5d4384ee4fb2 h1:Jamvg5psRIccs7FGNTlIRMkT8wgtp5eCXdBlqhYGL6U=
github.com/pmezard/go-difflib v1.0.1-0.20181226105442-5d4384ee4fb2/go.mod h1:iKH77koFhYxTK1pcRnkKkqfTogsbg7gZNVY4sRDYZ/4=
github.com/rogpeppe/go-internal v1.14.1 h1:UQB4HGPB6osV0SQTLymcB4TgvyWu6ZyliaW0tI/otEQ=
github.com/rogpeppe/go-internal v1.14.1/go.mod h1:MaRKkUm5W0goXpeCfT7UZI6fk/L7L7so1lCWt35ZSgc=
github.com/stretchr/testify v1.11.1 h1:7s2iGBzp5EwR7/aIZr8ao5+dra3wiQyKjjFuvgVKu7U=
github.com/stretchr/testify v1.11.1/go.mod h1:wZwfW3scLgRK+23gO65QZefKpKQRnfz6sD981Nm4B6U=
github.com/toaweme/cli v0.0.0-20260527213307-97c0d368ae0b h1:3tQFNLiKQ+RmsuLFdRYuGXzXtgiozdusMJNqjxOf7Oo=
github.com/toaweme/cli v0.0.0-20260527213307-97c0d368ae0b/go.mod h1:a1zUHzVR4Ftc6dCtX4yPYjeOpkXLbAXOzBDWuAd1K+4=
github.com/toaweme/docgen v0.0.0-20260527222202-147810afc07b h1:/OKXDI7Q052ucILMT7HqbVu4oVOCrRe3a/jAltO0tV0=
github.com/toaweme/docgen v0.0.0-20260527222202-147810afc07b/go.mod h1:InrIMlGd+trUMj0vAAQa1jdmfgYUhRo/GMJWoMg5W74=
github.com/toaweme/log v0.0.0-20260118181930-c65718604628 h1:70+9kE3J18G8C+khZ64aMMwNkbAUAwPjcGoTeLtZ+ZM=
github.com/toaweme/log v0.0.0-20260118181930-c65718604628/go.mod h1:1Wo5Aexza8MvKyoAYzMH5NyXOFxgvT9LMdC8erOGhcU=
github.com/toaweme/structs v0.0.0-20260520153823-5d6a27df8e75 h1:3BvB3v46hEIJzzDO1fp1bBdMoVULwc9XsfSsvPd/eyw=
github.com/toaweme/structs v0.0.0-20260520153823-5d6a27df8e75/go.mod h1:Scx6yUk20oq8sy6+jEfXjBc3Xs1XE4lZ9HjjPn4OoMo=
golang.org/x/mod v0.36.0 h1:JJjpVx6myfUsUdAzZuOSTTmRE0PfZeNWzzvKrP7amb4=
golang.org/x/mod v0.36.0/go.mod h1:moc6ELqsWcOw5Ef3xVprK5ul/MvtVvkIXLziUOICjUQ=
golang.org/x/sync v0.20.0 h1:e0PTpb7pjO8GAtTs2dQ6jYa5BWYlMuX047Dco/pItO4=
golang.org/x/sync v0.20.0/go.mod h1:9xrNwdLfx4jkKbNva9FpL6vEN7evnE43NNNJQ2LF3+0=
golang.org/x/tools v0.45.0 h1:18qN3FAooORvApf5XjCXgsuayZOEtXf6JK18I3+ONa8=
golang.org/x/tools v0.45.0/go.mod h1:LuUGqqaXcXMEFEruIVJVm5mgDD8vww/z/SR1gQ4uE/0=
gopkg.in/check.v1 v0.0.0-20161208181325-20d25e280405/go.mod h1:Co6ibVJAznAaIkqp8huTwlJQCZ016jof/cbN4VW5Yz0=
gopkg.in/check.v1 v1.0.0-20201130134442-10cb98267c6c h1:Hei/4ADfdWqJk1ZMxUNpqntNwaWcugrBjAiHlqqRiVk=
gopkg.in/check.v1 v1.0.0-20201130134442-10cb98267c6c/go.mod h1:JHkPIbrfpd72SG/EVd6muEfDQjcINNoR0C8j2r3qZ4Q=
gopkg.in/yaml.v3 v3.0.1 h1:fxVm/GzAzEWqLHuvctI91KS9hhNmmWOoWu0XTYJS7CA=
gopkg.in/yaml.v3 v3.0.1/go.mod h1:K4uyk7z7BCEPqu6E+C64Yfv1cQ7kz7rIZviUmN+EgEM=
